
Microsoft Visual Studio Solution File, Format Version 12.00
# Visual Studio 14
VisualStudioVersion = 14.0.25420.1
MinimumVisualStudioVersion = 10.0.40219.1
Project("{2150E333-8FDC-42A3-9474-1A3956D46DE8}") = "src", "src", "{ACCED2F1-7D3B-43DD-A709-01E15600DE99}"
EndProject
Project("{2150E333-8FDC-42A3-9474-1A3956D46DE8}") = "Solution Items", "Solution Items", "{12447C06-8B11-41A1-9F1E-A29790AE7CC3}"
	ProjectSection(SolutionItems) = preProject
		global.json = global.json
	EndProjectSection
EndProject
Project("{8BB2217D-0F2D-49D1-97BC-3654ED321F3B}") = "test", "src\test\test.xproj", "{3A20D777-E3EE-42AC-83AE-0BEDFBECA81B}"
EndProject
Global
	GlobalSection(SolutionConfigurationPlatforms) = preSolution
		Debug|Any CPU = Debug|Any CPU
		Release|Any CPU = Release|Any CPU
	EndGlobalSection
	GlobalSection(ProjectConfigurationPlatforms) = postSolution
		{3A20D777-E3EE-42AC-83AE-0BEDFBECA81B}.Debug|Any CPU.ActiveCfg = Debug|Any CPU
		{3A20D777-E3EE-42AC-83AE-0BEDFBECA81B}.Debug|Any CPU.Build.0 = Debug|Any CPU
		{3A20D777-E3EE-42AC-83AE-0BEDFBECA81B}.Release|Any CPU.ActiveCfg = Release|Any CPU
		{3A20D777-E3EE-42AC-83AE-0BEDFBECA81B}.Release|Any CPU.Build.0 = Release|Any CPU
	EndGlobalSection
	GlobalSection(SolutionProperties) = preSolution
		HideSolutionNode = FALSE
	EndGlobalSection
	GlobalSection(NestedProjects) = preSolution
		{3A20D777-E3EE-42AC-83AE-0BEDFBECA81B} = {ACCED2F1-7D3B-43DD-A709-01E15600DE99}
	EndGlobalSection
EndGlobal
